
Microsoft Visual Studio Solution File, Format Version 12.00
# Visual Studio Version 17
VisualStudioVersion = 17.9.34723.18
MinimumVisualStudioVersion = 10.0.40219.1
Project("{9A19103F-16F7-4668-BE54-9A1E7A4F7556}") = "AccountProvider", "AccountProvider\AccountProvider.csproj", "{5E0C4964-37B2-45DF-866F-E275392951FC}"
EndProject
Project("{9A19103F-16F7-4668-BE54-9A1E7A4F7556}") = "Data", "Data\Data.csproj", "{6BCF9966-9780-4928-86EC-8DEAB6B48710}"
EndProject
Global
	GlobalSection(SolutionConfigurationPlatforms) = preSolution
		Debug|Any CPU = Debug|Any CPU
		Release|Any CPU = Release|Any CPU
	EndGlobalSection
	GlobalSection(ProjectConfigurationPlatforms) = postSolution
		{5E0C4964-37B2-45DF-866F-E275392951FC}.Debug|Any CPU.ActiveCfg = Debug|Any CPU
		{5E0C4964-37B2-45DF-866F-E275392951FC}.Debug|Any CPU.Build.0 = Debug|Any CPU
		{5E0C4964-37B2-45DF-866F-E275392951FC}.Release|Any CPU.ActiveCfg = Release|Any CPU
		{5E0C4964-37B2-45DF-866F-E275392951FC}.Release|Any CPU.Build.0 = Release|Any CPU
		{6BCF9966-9780-4928-86EC-8DEAB6B48710}.Debug|Any CPU.ActiveCfg = Debug|Any CPU
		{6BCF9966-9780-4928-86EC-8DEAB6B48710}.Debug|Any CPU.Build.0 = Debug|Any CPU
		{6BCF9966-9780-4928-86EC-8DEAB6B48710}.Release|Any CPU.ActiveCfg = Release|Any CPU
		{6BCF9966-9780-4928-86EC-8DEAB6B48710}.Release|Any CPU.Build.0 = Release|Any CPU
	EndGlobalSection
	GlobalSection(SolutionProperties) = preSolution
		HideSolutionNode = FALSE
	EndGlobalSection
	GlobalSection(ExtensibilityGlobals) = postSolution
		SolutionGuid = {CF9FF78F-02AD-40D3-9C8D-51D25EA6224D}
	EndGlobalSection
EndGlobal
